Microsoft Visual Studio Solution File, Format Version 11.00
# Visual Studio 2008

Project("{8329CA34-9701-5BD9-10AE-BAEFC2857688}") = "Oni", "Assembly-CSharp.csproj", "{CF638CAB-2569-B971-962A-2E5DBFC653E7}"
EndProject
Project("{8329CA34-9701-5BD9-10AE-BAEFC2857688}") = "Oni", "Assembly-UnityScript.unityproj", "{5DCE1359-0548-3B12-D9A7-64921804FB73}"
EndProject
Global
	GlobalSection(SolutionConfigurationPlatforms) = preSolution
		Debug|Any CPU = Debug|Any CPU
		Release|Any CPU = Release|Any CPU
	EndGlobalSection
	GlobalSection(ProjectConfigurationPlatforms) = postSolution
		{CF638CAB-2569-B971-962A-2E5DBFC653E7}.Debug|Any CPU.ActiveCfg = Debug|Any CPU
		{CF638CAB-2569-B971-962A-2E5DBFC653E7}.Debug|Any CPU.Build.0 = Debug|Any CPU
		{CF638CAB-2569-B971-962A-2E5DBFC653E7}.Release|Any CPU.ActiveCfg = Release|Any CPU
		{CF638CAB-2569-B971-962A-2E5DBFC653E7}.Release|Any CPU.Build.0 = Release|Any CPU
		{5DCE1359-0548-3B12-D9A7-64921804FB73}.Debug|Any CPU.ActiveCfg = Debug|Any CPU
		{5DCE1359-0548-3B12-D9A7-64921804FB73}.Debug|Any CPU.Build.0 = Debug|Any CPU
		{5DCE1359-0548-3B12-D9A7-64921804FB73}.Release|Any CPU.ActiveCfg = Release|Any CPU
		{5DCE1359-0548-3B12-D9A7-64921804FB73}.Release|Any CPU.Build.0 = Release|Any CPU
	EndGlobalSection
	GlobalSection(SolutionProperties) = preSolution
		HideSolutionNode = FALSE
	EndGlobalSection
					GlobalSection(MonoDevelopProperties) = preSolution
		StartupItem = Assembly-CSharp.csproj
		Policies = $0
		$0.TextStylePolicy = $1
		$1.inheritsSet = null
		$1.scope = text/x-csharp
		$0.CSharpFormattingPolicy = $2
		$2.inheritsSet = Mono
		$2.inheritsScope = text/x-csharp
		$2.scope = text/x-csharp
		$0.TextStylePolicy = $3
		$3.FileWidth = 120
		$3.TabWidth = 4
		$3.IndentWidth = 4
		$3.EolMarker = Unix
		$3.inheritsSet = Mono
		$3.inheritsScope = text/plain
		$3.scope = text/plain
	EndGlobalSection

EndGlobal
